// !$*UTF8*$!
{
	archiveVersion = 1;
	classes = {
	};
	objectVersion = 46;
	objects = {

/* Begin PBXBuildFile section */
		F743DF621EC3DD0A001C50E8 /* libassimp.3.3.1.dylib in Frameworks */ = {isa = PBXBuildFile; fileRef = F743DF601EC3DB31001C50E8 /* libassimp.3.3.1.dylib */; };
		F743DF641EC3DD22001C50E8 /* libGLEW.2.0.0.dylib in Frameworks */ = {isa = PBXBuildFile; fileRef = F743DF631EC3DD22001C50E8 /* libGLEW.2.0.0.dylib */; };
		F743DF661EC3DD3A001C50E8 /* libglfw.3.2.dylib in Frameworks */ = {isa = PBXBuildFile; fileRef = F743DF651EC3DD3A001C50E8 /* libglfw.3.2.dylib */; };
		F75556FF1E4975AA0065EF39 /* Cube.cpp in Sources */ = {isa = PBXBuildFile; fileRef = F75556F61E4975AA0065EF39 /* Cube.cpp */; };
		F75557001E4975AA0065EF39 /* main.cpp in Sources */ = {isa = PBXBuildFile; fileRef = F75556F81E4975AA0065EF39 /* main.cpp */; };
		F75557011E4975AA0065EF39 /* shader.cpp in Sources */ = {isa = PBXBuildFile; fileRef = F75556FA1E4975AA0065EF39 /* shader.cpp */; };
		F75557021E4975AA0065EF39 /* Window.cpp in Sources */ = {isa = PBXBuildFile; fileRef = F75556FD1E4975AA0065EF39 /* Window.cpp */; };
		F75557071E4976AA0065EF39 /* OpenGL.framework in Frameworks */ = {isa = PBXBuildFile; fileRef = F75557061E4976AA0065EF39 /* OpenGL.framework */; };
/* End PBXBuildFile section */

/* Begin PBXCopyFilesBuildPhase section */
		F75556E91E4975310065EF39 /* CopyFiles */ = {
			isa = PBXCopyFilesBuildPhase;
			buildActionMask = 2147483647;
			dstPath = /usr/share/man/man1/;
			dstSubfolderSpec = 0;
			files = (
			);
			runOnlyForDeploymentPostprocessing = 1;
		};
/* End PBXCopyFilesBuildPhase section */

/* Begin PBXFileReference section */
		F743DF601EC3DB31001C50E8 /* libassimp.3.3.1.dylib */ = {isa = PBXFileReference; lastKnownFileType = "compiled.mach-o.dylib"; name = libassimp.3.3.1.dylib; path = ../../../../../usr/local/Cellar/assimp/3.3.1/lib/libassimp.3.3.1.dylib; sourceTree = "<group>"; };
		F743DF631EC3DD22001C50E8 /* libGLEW.2.0.0.dylib */ = {isa = PBXFileReference; lastKnownFileType = "compiled.mach-o.dylib"; name = libGLEW.2.0.0.dylib; path = ../../../../../usr/local/Cellar/glew/2.0.0/lib/libGLEW.2.0.0.dylib; sourceTree = "<group>"; };
		F743DF651EC3DD3A001C50E8 /* libglfw.3.2.dylib */ = {isa = PBXFileReference; lastKnownFileType = "compiled.mach-o.dylib"; name = libglfw.3.2.dylib; path = ../../../../../usr/local/Cellar/glfw/3.2.1/lib/libglfw.3.2.dylib; sourceTree = "<group>"; };
		F75556EB1E4975310065EF39 /* openGL_rendering_engine */ = {isa = PBXFileReference; explicitFileType = "compiled.mach-o.executable"; includeInIndex = 0; path = openGL_rendering_engine; sourceTree = BUILT_PRODUCTS_DIR; };
		F75556F61E4975AA0065EF39 /* Cube.cpp */ = {isa = PBXFileReference; fileEncoding = 4; lastKnownFileType = sourcecode.cpp.cpp; name = Cube.cpp; path = src/Cube.cpp; sourceTree = "<group>"; };
		F75556F81E4975AA0065EF39 /* main.cpp */ = {isa = PBXFileReference; fileEncoding = 4; lastKnownFileType = sourcecode.cpp.cpp; name = main.cpp; path = src/main.cpp; sourceTree = "<group>"; };
		F75556FA1E4975AA0065EF39 /* shader.cpp */ = {isa = PBXFileReference; fileEncoding = 4; lastKnownFileType = sourcecode.cpp.cpp; name = shader.cpp; path = src/shader.cpp; sourceTree = "<group>"; };
		F75556FD1E4975AA0065EF39 /* Window.cpp */ = {isa = PBXFileReference; fileEncoding = 4; lastKnownFileType = sourcecode.cpp.cpp; name = Window.cpp; path = src/Window.cpp; sourceTree = "<group>"; };
		F75557041E4975C00065EF39 /* shader.vert */ = {isa = PBXFileReference; fileEncoding = 4; lastKnownFileType = sourcecode.glsl; name = shader.vert; path = shaders/shader.vert; sourceTree = "<group>"; };
		F75557061E4976AA0065EF39 /* OpenGL.framework */ = {isa = PBXFileReference; lastKnownFileType = wrapper.framework; name = OpenGL.framework; path = System/Library/Frameworks/OpenGL.framework; sourceTree = SDKROOT; };
		F755570A1E4977BD0065EF39 /* shader.frag */ = {isa = PBXFileReference; lastKnownFileType = sourcecode.glsl; name = shader.frag; path = shaders/shader.frag; sourceTree = "<group>"; };
		F755570C1E49780B0065EF39 /* Cube.h */ = {isa = PBXFileReference; lastKnownFileType = sourcecode.c.h; name = Cube.h; path = include/Cube.h; sourceTree = "<group>"; };
		F755570D1E49780B0065EF39 /* main.h */ = {isa = PBXFileReference; lastKnownFileType = sourcecode.c.h; name = main.h; path = include/main.h; sourceTree = "<group>"; };
		F755570E1E49780B0065EF39 /* shader.h */ = {isa = PBXFileReference; lastKnownFileType = sourcecode.c.h; name = shader.h; path = include/shader.h; sourceTree = "<group>"; };
		F755570F1E49780B0065EF39 /* Window.h */ = {isa = PBXFileReference; lastKnownFileType = sourcecode.c.h; name = Window.h; path = include/Window.h; sourceTree = "<group>"; };
/* End PBXFileReference section */

/* Begin PBXFrameworksBuildPhase section */
		F75556E81E4975310065EF39 /* Frameworks */ = {
			isa = PBXFrameworksBuildPhase;
			buildActionMask = 2147483647;
			files = (
				F743DF661EC3DD3A001C50E8 /* libglfw.3.2.dylib in Frameworks */,
				F743DF641EC3DD22001C50E8 /* libGLEW.2.0.0.dylib in Frameworks */,
				F743DF621EC3DD0A001C50E8 /* libassimp.3.3.1.dylib in Frameworks */,
				F75557071E4976AA0065EF39 /* OpenGL.framework in Frameworks */,
			);
			runOnlyForDeploymentPostprocessing = 0;
		};
/* End PBXFrameworksBuildPhase section */

/* Begin PBXGroup section */
		F75556E21E4975310065EF39 = {
			isa = PBXGroup;
			children = (
				F75556ED1E4975310065EF39 /* openGL_rendering_engine */,
				F75556EC1E4975310065EF39 /* Products */,
				F75557051E4976AA0065EF39 /* Frameworks */,
			);
			sourceTree = "<group>";
		};
		F75556EC1E4975310065EF39 /* Products */ = {
			isa = PBXGroup;
			children = (
				F75556EB1E4975310065EF39 /* openGL_rendering_engine */,
			);
			name = Products;
			sourceTree = "<group>";
		};
		F75556ED1E4975310065EF39 /* openGL_rendering_engine */ = {
			isa = PBXGroup;
			children = (
				F755570B1E4977D00065EF39 /* include */,
				F75557031E4975B50065EF39 /* shaders */,
				F75556F51E4975460065EF39 /* src */,
			);
			path = openGL_rendering_engine;
			sourceTree = "<group>";
		};
		F75556F51E4975460065EF39 /* src */ = {
			isa = PBXGroup;
			children = (
				F75556F81E4975AA0065EF39 /* main.cpp */,
				F75556FD1E4975AA0065EF39 /* Window.cpp */,
				F75556F61E4975AA0065EF39 /* Cube.cpp */,
				F75556FA1E4975AA0065EF39 /* shader.cpp */,
			);
			name = src;
			sourceTree = "<group>";
		};
		F75557031E4975B50065EF39 /* shaders */ = {
			isa = PBXGroup;
			children = (
				F75557041E4975C00065EF39 /* shader.vert */,
				F755570A1E4977BD0065EF39 /* shader.frag */,
			);
			name = shaders;
			sourceTree = "<group>";
		};
		F75557051E4976AA0065EF39 /* Frameworks */ = {
			isa = PBXGroup;
			children = (
				F743DF651EC3DD3A001C50E8 /* libglfw.3.2.dylib */,
				F743DF631EC3DD22001C50E8 /* libGLEW.2.0.0.dylib */,
				F743DF601EC3DB31001C50E8 /* libassimp.3.3.1.dylib */,
				F75557061E4976AA0065EF39 /* OpenGL.framework */,
			);
			name = Frameworks;
			sourceTree = "<group>";
		};
		F755570B1E4977D00065EF39 /* include */ = {
			isa = PBXGroup;
			children = (
				F755570D1E49780B0065EF39 /* main.h */,
				F755570F1E49780B0065EF39 /* Window.h */,
				F755570C1E49780B0065EF39 /* Cube.h */,
				F755570E1E49780B0065EF39 /* shader.h */,
			);
			name = include;
			sourceTree = "<group>";
		};
/* End PBXGroup section */

/* Begin PBXNativeTarget section */
		F75556EA1E4975310065EF39 /* openGL_rendering_engine */ = {
			isa = PBXNativeTarget;
			buildConfigurationList = F75556F21E4975310065EF39 /* Build configuration list for PBXNativeTarget "openGL_rendering_engine" */;
			buildPhases = (
				F75556E71E4975310065EF39 /* Sources */,
				F75556E81E4975310065EF39 /* Frameworks */,
				F75556E91E4975310065EF39 /* CopyFiles */,
			);
			buildRules = (
			);
			dependencies = (
			);
			name = openGL_rendering_engine;
			productName = openGL_rendering_engine;
			productReference = F75556EB1E4975310065EF39 /* openGL_rendering_engine */;
			productType = "com.apple.product-type.tool";
		};
/* End PBXNativeTarget section */

/* Begin PBXProject section */
		F75556E31E4975310065EF39 /* Project object */ = {
			isa = PBXProject;
			attributes = {
				LastUpgradeCheck = 0820;
				ORGANIZATIONNAME = "Alfredo Sauceda";
				TargetAttributes = {
					F75556EA1E4975310065EF39 = {
						CreatedOnToolsVersion = 8.2.1;
						DevelopmentTeam = B3E6PU3372;
						ProvisioningStyle = Automatic;
					};
				};
			};
			buildConfigurationList = F75556E61E4975310065EF39 /* Build configuration list for PBXProject "openGL_rendering_engine" */;
			compatibilityVersion = "Xcode 3.2";
			developmentRegion = English;
			hasScannedForEncodings = 0;
			knownRegions = (
				en,
			);
			mainGroup = F75556E21E4975310065EF39;
			productRefGroup = F75556EC1E4975310065EF39 /* Products */;
			projectDirPath = "";
			projectRoot = "";
			targets = (
				F75556EA1E4975310065EF39 /* openGL_rendering_engine */,
			);
		};
/* End PBXProject section */

/* Begin PBXSourcesBuildPhase section */
		F75556E71E4975310065EF39 /* Sources */ = {
			isa = PBXSourcesBuildPhase;
			buildActionMask = 2147483647;
			files = (
				F75557011E4975AA0065EF39 /* shader.cpp in Sources */,
				F75557001E4975AA0065EF39 /* main.cpp in Sources */,
				F75556FF1E4975AA0065EF39 /* Cube.cpp in Sources */,
				F75557021E4975AA0065EF39 /* Window.cpp in Sources */,
			);
			runOnlyForDeploymentPostprocessing = 0;
		};
/* End PBXSourcesBuildPhase section */

/* Begin XCBuildConfiguration section */
		F75556F01E4975310065EF39 /* Debug */ = {
			isa = XCBuildConfiguration;
			buildSettings = {
				ALWAYS_SEARCH_USER_PATHS = NO;
				CLANG_ANALYZER_NONNULL = YES;
				CLANG_CXX_LANGUAGE_STANDARD = "gnu++0x";
				CLANG_CXX_LIBRARY = "libc++";
				CLANG_ENABLE_MODULES = YES;
				CLANG_ENABLE_OBJC_ARC = YES;
				CLANG_WARN_BOOL_CONVERSION = YES;
				CLANG_WARN_CONSTANT_CONVERSION = YES;
				CLANG_WARN_DIRECT_OBJC_ISA_USAGE = YES_ERROR;
				CLANG_WARN_DOCUMENTATION_COMMENTS = YES;
				CLANG_WARN_EMPTY_BODY = YES;
				CLANG_WARN_ENUM_CONVERSION = YES;
				CLANG_WARN_INFINITE_RECURSION = YES;
				CLANG_WARN_INT_CONVERSION = YES;
				CLANG_WARN_OBJC_ROOT_CLASS = YES_ERROR;
				CLANG_WARN_SUSPICIOUS_MOVE = YES;
				CLANG_WARN_UNREACHABLE_CODE = YES;
				CLANG_WARN__DUPLICATE_METHOD_MATCH = YES;
				CODE_SIGN_IDENTITY = "-";
				COPY_PHASE_STRIP = NO;
				DEBUG_INFORMATION_FORMAT = dwarf;
				ENABLE_STRICT_OBJC_MSGSEND = YES;
				ENABLE_TESTABILITY = YES;
				GCC_C_LANGUAGE_STANDARD = gnu99;
				GCC_DYNAMIC_NO_PIC = NO;
				GCC_NO_COMMON_BLOCKS = YES;
				GCC_OPTIMIZATION_LEVEL = 0;
				GCC_PREPROCESSOR_DEFINITIONS = (
					"DEBUG=1",
					"$(inherited)",
				);
				GCC_WARN_64_TO_32_BIT_CONVERSION = YES;
				GCC_WARN_ABOUT_RETURN_TYPE = YES_ERROR;
				GCC_WARN_UNDECLARED_SELECTOR = YES;
				GCC_WARN_UNINITIALIZED_AUTOS = YES_AGGRESSIVE;
				GCC_WARN_UNUSED_FUNCTION = YES;
				GCC_WARN_UNUSED_VARIABLE = YES;
				MACOSX_DEPLOYMENT_TARGET = 10.12;
				MTL_ENABLE_DEBUG_INFO = YES;
				ONLY_ACTIVE_ARCH = YES;
				SDKROOT = macosx;
			};
			name = Debug;
		};
		F75556F11E4975310065EF39 /* Release */ = {
			isa = XCBuildConfiguration;
			buildSettings = {
				ALWAYS_SEARCH_USER_PATHS = NO;
				CLANG_ANALYZER_NONNULL = YES;
				CLANG_CXX_LANGUAGE_STANDARD = "gnu++0x";
				CLANG_CXX_LIBRARY = "libc++";
				CLANG_ENABLE_MODULES = YES;
				CLANG_ENABLE_OBJC_ARC = YES;
				CLANG_WARN_BOOL_CONVERSION = YES;
				CLANG_WARN_CONSTANT_CONVERSION = YES;
				CLANG_WARN_DIRECT_OBJC_ISA_USAGE = YES_ERROR;
				CLANG_WARN_DOCUMENTATION_COMMENTS = YES;
				CLANG_WARN_EMPTY_BODY = YES;
				CLANG_WARN_ENUM_CONVERSION = YES;
				CLANG_WARN_INFINITE_RECURSION = YES;
				CLANG_WARN_INT_CONVERSION = YES;
				CLANG_WARN_OBJC_ROOT_CLASS = YES_ERROR;
				CLANG_WARN_SUSPICIOUS_MOVE = YES;
				CLANG_WARN_UNREACHABLE_CODE = YES;
				CLANG_WARN__DUPLICATE_METHOD_MATCH = YES;
				CODE_SIGN_IDENTITY = "-";
				COPY_PHASE_STRIP = NO;
				DEBUG_INFORMATION_FORMAT = "dwarf-with-dsym";
				ENABLE_NS_ASSERTIONS = NO;
				ENABLE_STRICT_OBJC_MSGSEND = YES;
				GCC_C_LANGUAGE_STANDARD = gnu99;
				GCC_NO_COMMON_BLOCKS = YES;
				GCC_WARN_64_TO_32_BIT_CONVERSION = YES;
				GCC_WARN_ABOUT_RETURN_TYPE = YES_ERROR;
				GCC_WARN_UNDECLARED_SELECTOR = YES;
				GCC_WARN_UNINITIALIZED_AUTOS = YES_AGGRESSIVE;
				GCC_WARN_UNUSED_FUNCTION = YES;
				GCC_WARN_UNUSED_VARIABLE = YES;
				MACOSX_DEPLOYMENT_TARGET = 10.12;
				MTL_ENABLE_DEBUG_INFO = NO;
				SDKROOT = macosx;
			};
			name = Release;
		};
		F75556F31E4975310065EF39 /* Debug */ = {
			isa = XCBuildConfiguration;
			buildSettings = {
				CLANG_WARN_DOCUMENTATION_COMMENTS = NO;
				CODE_SIGN_IDENTITY = "Mac Developer";
				DEVELOPMENT_TEAM = B3E6PU3372;
				HEADER_SEARCH_PATHS = (
					"/Developer/glfw-master-020617/include",
					/Developer/glm,
				);
				LIBRARY_SEARCH_PATHS = (
					"/Developer/glfw-master-020617/src",
					/usr/local/Cellar/assimp/3.3.1/lib,
					/usr/local/Cellar/glew/2.0.0/lib,
					/usr/local/Cellar/glfw/3.2.1/lib,
				);
				PRODUCT_NAME = "$(TARGET_NAME)";
			};
			name = Debug;
		};
		F75556F41E4975310065EF39 /* Release */ = {
			isa = XCBuildConfiguration;
			buildSettings = {
				CLANG_WARN_DOCUMENTATION_COMMENTS = NO;
				CODE_SIGN_IDENTITY = "Mac Developer";
				DEVELOPMENT_TEAM = B3E6PU3372;
				HEADER_SEARCH_PATHS = (
					"/Developer/glfw-master-020617/include",
					/Developer/glm,
				);
				LIBRARY_SEARCH_PATHS = (
					"/Developer/glfw-master-020617/src",
					/usr/local/Cellar/assimp/3.3.1/lib,
					/usr/local/Cellar/glew/2.0.0/lib,
					/usr/local/Cellar/glfw/3.2.1/lib,
				);
				PRODUCT_NAME = "$(TARGET_NAME)";
			};
			name = Release;
		};
/* End XCBuildConfiguration section */

/* Begin XCConfigurationList section */
		F75556E61E4975310065EF39 /* Build configuration list for PBXProject "openGL_rendering_engine" */ = {
			isa = XCConfigurationList;
			buildConfigurations = (
				F75556F01E4975310065EF39 /* Debug */,
				F75556F11E4975310065EF39 /* Release */,
			);
			defaultConfigurationIsVisible = 0;
			defaultConfigurationName = Release;
		};
		F75556F21E4975310065EF39 /* Build configuration list for PBXNativeTarget "openGL_rendering_engine" */ = {
			isa = XCConfigurationList;
			buildConfigurations = (
				F75556F31E4975310065EF39 /* Debug */,
				F75556F41E4975310065EF39 /* Release */,
			);
			defaultConfigurationIsVisible = 0;
			defaultConfigurationName = Release;
		};
/* End XCConfigurationList section */
	};
	rootObject = F75556E31E4975310065EF39 /* Project object */;
}
